Microsoft Visual Studio Solution File, Format Version 12.00
# Visual Studio 2012
Project("{FAE04EC0-301F-11D3-BF4B-00C04F79EFBC}") = "cookies-game", "cookies-game.csproj", "{EEE41A81-9C3C-455D-A69E-AA422952A6CC}"
EndProject
Global
	GlobalSection(SolutionConfigurationPlatforms) = preSolution
	Debug|Any CPU = Debug|Any CPU
	ExportDebug|Any CPU = ExportDebug|Any CPU
	ExportRelease|Any CPU = ExportRelease|Any CPU
	EndGlobalSection
	GlobalSection(ProjectConfigurationPlatforms) = postSolution
		{EEE41A81-9C3C-455D-A69E-AA422952A6CC}.Debug|Any CPU.ActiveCfg = Debug|Any CPU
		{EEE41A81-9C3C-455D-A69E-AA422952A6CC}.Debug|Any CPU.Build.0 = Debug|Any CPU
		{EEE41A81-9C3C-455D-A69E-AA422952A6CC}.ExportDebug|Any CPU.ActiveCfg = ExportDebug|Any CPU
		{EEE41A81-9C3C-455D-A69E-AA422952A6CC}.ExportDebug|Any CPU.Build.0 = ExportDebug|Any CPU
		{EEE41A81-9C3C-455D-A69E-AA422952A6CC}.ExportRelease|Any CPU.ActiveCfg = ExportRelease|Any CPU
		{EEE41A81-9C3C-455D-A69E-AA422952A6CC}.ExportRelease|Any CPU.Build.0 = ExportRelease|Any CPU
	EndGlobalSection
EndGlobal
